{
  "name": "md-links",
  "version": "1.0.0",
  "lockfileVersion": 1,
  "requires": true,
  "dependencies": {
    "markdown-link-extractor": {
      "version": "1.2.3",
      "resolved": "https://registry.npmjs.org/markdown-link-extractor/-/markdown-link-extractor-1.2.3.tgz",
      "integrity": "sha512-BGgBPPNjRpwKzkMxuY5YG2ntPmSL8UMnGiYxRR/9etK3ABLv9SsKHt70PUxv6MaBSC3TnpRsvcIOmnCFWvjcRA==",
      "requires": {
        "marked": "^0.8.2"
      }
    },
    "marked": {
      "version": "0.8.2",
      "resolved": "https://registry.npmjs.org/marked/-/marked-0.8.2.tgz",
      "integrity": "sha512-EGwzEeCcLniFX51DhTpmTom+dSA/MG/OBUDjnWtHbEnjAH180VzUeAw+oE4+Zv+CoYBWyRlYOTR0N8SO9R1PVw=="
    }
  }
}
